
Microsoft Visual Studio Solution File, Format Version 12.00
# Visual Studio Version 16
VisualStudioVersion = 16.0.31702.278
MinimumVisualStudioVersion = 10.0.40219.1
Project("{FAE04EC0-301F-11D3-BF4B-00C04F79EFBC}") = "CustomerWcf", "CustomerWcf\CustomerWcf.csproj", "{03CDC08A-674F-4F35-A158-949ADCA162E1}"
EndProject
Global
	GlobalSection(SolutionConfigurationPlatforms) = preSolution
		Debug|Any CPU = Debug|Any CPU
		Release|Any CPU = Release|Any CPU
	EndGlobalSection
	GlobalSection(ProjectConfigurationPlatforms) = postSolution
		{03CDC08A-674F-4F35-A158-949ADCA162E1}.Debug|Any CPU.ActiveCfg = Debug|Any CPU
		{03CDC08A-674F-4F35-A158-949ADCA162E1}.Debug|Any CPU.Build.0 = Debug|Any CPU
		{03CDC08A-674F-4F35-A158-949ADCA162E1}.Release|Any CPU.ActiveCfg = Release|Any CPU
		{03CDC08A-674F-4F35-A158-949ADCA162E1}.Release|Any CPU.Build.0 = Release|Any CPU
	EndGlobalSection
	GlobalSection(SolutionProperties) = preSolution
		HideSolutionNode = FALSE
	EndGlobalSection
	GlobalSection(ExtensibilityGlobals) = postSolution
		SolutionGuid = {2E2407A8-D966-4DE0-8754-D4A4F856A3EB}
	EndGlobalSection
EndGlobal
